{
  "name": "PORTFOLIO-master",
  "lockfileVersion": 3,
  "requires": true,
  "packages": {
    "": {
      "dependencies": {
        "@fontsource-variable/onest": "^5.0.3",
        "jquery": "^3.7.1"
      }
    },
    "node_modules/@fontsource-variable/onest": {
      "version": "5.0.3",
      "resolved": "https://registry.npmjs.org/@fontsource-variable/onest/-/onest-5.0.3.tgz",
      "integrity": "sha512-vqeDrKg3Ysl4rOepz2N6PnFZ+/EjrmhOv9/pJ+tCn0y00ralsEsCog0xPK6T1hx8Vt70agNR4Jb9C+KWr/K3sg=="
    },
    "node_modules/jquery": {
      "version": "3.7.1",
      "resolved": "https://registry.npmjs.org/jquery/-/jquery-3.7.1.tgz",
      "integrity": "sha512-m4avr8yL8kmFN8psrbFFFmB/If14iN5o9nw/NgnnM+kybDJpRsAynV2BsfpTYrTRysYUdADVD7CkUUizgkpLfg=="
    }
  }
}
